
Microsoft Visual Studio Solution File, Format Version 12.00
# Visual Studio Version 16
VisualStudioVersion = 16.0.31515.178
MinimumVisualStudioVersion = 10.0.40219.1
Project("{9A19103F-16F7-4668-BE54-9A1E7A4F7556}") = "weatherforecast", "weatherforecast.csproj", "{4CB802F1-09C7-4B36-91FD-465F7476B21D}"
EndProject
Global
	GlobalSection(SolutionConfigurationPlatforms) = preSolution
		Debug|Any CPU = Debug|Any CPU
		Release|Any CPU = Release|Any CPU
	EndGlobalSection
	GlobalSection(ProjectConfigurationPlatforms) = postSolution
		{4CB802F1-09C7-4B36-91FD-465F7476B21D}.Debug|Any CPU.ActiveCfg = Debug|Any CPU
		{4CB802F1-09C7-4B36-91FD-465F7476B21D}.Debug|Any CPU.Build.0 = Debug|Any CPU
		{4CB802F1-09C7-4B36-91FD-465F7476B21D}.Release|Any CPU.ActiveCfg = Release|Any CPU
		{4CB802F1-09C7-4B36-91FD-465F7476B21D}.Release|Any CPU.Build.0 = Release|Any CPU
	EndGlobalSection
	GlobalSection(SolutionProperties) = preSolution
		HideSolutionNode = FALSE
	EndGlobalSection
	GlobalSection(ExtensibilityGlobals) = postSolution
		SolutionGuid = {2B04E826-3798-4CEC-901A-6AC8D6BFCF88}
	EndGlobalSection
EndGlobal
